
Microsoft Visual Studio Solution File, Format Version 12.00
# Visual Studio Version 16
VisualStudioVersion = 16.0.29519.87
MinimumVisualStudioVersion = 10.0.40219.1
Project("{FAE04EC0-301F-11D3-BF4B-00C04F79EFBC}") = "WebApiProject", "WebApiProject\WebApiProject.csproj", "{0A54EB74-6C29-4C82-AD25-903FEF9B58B3}"
EndProject
Project("{FAE04EC0-301F-11D3-BF4B-00C04F79EFBC}") = "SportDataAccess", "SportDataAccess\SportDataAccess.csproj", "{13F174CD-EB2B-4715-A672-BEAB128682D9}"
EndProject
Global
	GlobalSection(SolutionConfigurationPlatforms) = preSolution
		Debug|Any CPU = Debug|Any CPU
		Release|Any CPU = Release|Any CPU
	EndGlobalSection
	GlobalSection(ProjectConfigurationPlatforms) = postSolution
		{0A54EB74-6C29-4C82-AD25-903FEF9B58B3}.Debug|Any CPU.ActiveCfg = Debug|Any CPU
		{0A54EB74-6C29-4C82-AD25-903FEF9B58B3}.Debug|Any CPU.Build.0 = Debug|Any CPU
		{0A54EB74-6C29-4C82-AD25-903FEF9B58B3}.Release|Any CPU.ActiveCfg = Release|Any CPU
		{0A54EB74-6C29-4C82-AD25-903FEF9B58B3}.Release|Any CPU.Build.0 = Release|Any CPU
		{13F174CD-EB2B-4715-A672-BEAB128682D9}.Debug|Any CPU.ActiveCfg = Debug|Any CPU
		{13F174CD-EB2B-4715-A672-BEAB128682D9}.Debug|Any CPU.Build.0 = Debug|Any CPU
		{13F174CD-EB2B-4715-A672-BEAB128682D9}.Release|Any CPU.ActiveCfg = Release|Any CPU
		{13F174CD-EB2B-4715-A672-BEAB128682D9}.Release|Any CPU.Build.0 = Release|Any CPU
	EndGlobalSection
	GlobalSection(SolutionProperties) = preSolution
		HideSolutionNode = FALSE
	EndGlobalSection
	GlobalSection(ExtensibilityGlobals) = postSolution
		SolutionGuid = {0140699E-FBA4-42DB-BB93-423B14A0CB8D}
	EndGlobalSection
EndGlobal
